
Microsoft Visual Studio Solution File, Format Version 11.00
# Visual Studio 2010
Project("{FAE04EC0-301F-11D3-BF4B-00C04F79EFBC}") = "Sprite 2 Project", "Assembly-CSharp.csproj", "{096EAECB-514A-A1F6-AD67-4F88CBC6DCFA}"
EndProject
Global
	GlobalSection(SolutionConfigurationPlatforms) = preSolution
		Debug|Any CPU = Debug|Any CPU
		Release|Any CPU = Release|Any CPU
	EndGlobalSection
	GlobalSection(ProjectConfigurationPlatforms) = postSolution
		{096EAECB-514A-A1F6-AD67-4F88CBC6DCFA}.Debug|Any CPU.ActiveCfg = Debug|Any CPU
		{096EAECB-514A-A1F6-AD67-4F88CBC6DCFA}.Debug|Any CPU.Build.0 = Debug|Any CPU
		{096EAECB-514A-A1F6-AD67-4F88CBC6DCFA}.Release|Any CPU.ActiveCfg = Release|Any CPU
		{096EAECB-514A-A1F6-AD67-4F88CBC6DCFA}.Release|Any CPU.Build.0 = Release|Any CPU
	EndGlobalSection
	GlobalSection(SolutionProperties) = preSolution
		HideSolutionNode = FALSE
	EndGlobalSection
	GlobalSection(MonoDevelopProperties) = preSolution
		StartupItem = Assembly-CSharp.csproj
	EndGlobalSection
EndGlobal
